
Microsoft Visual Studio Solution File, Format Version 12.00
# Visual Studio Version 17
VisualStudioVersion = 17.8.34511.84
MinimumVisualStudioVersion = 10.0.40219.1
Project("{8BC9CEB8-8B4A-11D0-8D11-00A0C91BC942}") = "Pointers", "Pointers\Pointers.vcxproj", "{20644464-52BD-444A-BF8F-4B16BA309D2A}"
EndProject
Project("{8BC9CEB8-8B4A-11D0-8D11-00A0C91BC942}") = "TransferParameters", "TransferParameters\TransferParameters.vcxproj", "{9C6021D1-B4BC-4E82-B5E1-8C934DE7CA91}"
EndProject
Global
	GlobalSection(SolutionConfigurationPlatforms) = preSolution
		Debug|x64 = Debug|x64
		Debug|x86 = Debug|x86
		Release|x64 = Release|x64
		Release|x86 = Release|x86
	EndGlobalSection
	GlobalSection(ProjectConfigurationPlatforms) = postSolution
		{20644464-52BD-444A-BF8F-4B16BA309D2A}.Debug|x64.ActiveCfg = Debug|x64
		{20644464-52BD-444A-BF8F-4B16BA309D2A}.Debug|x64.Build.0 = Debug|x64
		{20644464-52BD-444A-BF8F-4B16BA309D2A}.Debug|x86.ActiveCfg = Debug|Win32
		{20644464-52BD-444A-BF8F-4B16BA309D2A}.Debug|x86.Build.0 = Debug|Win32
		{20644464-52BD-444A-BF8F-4B16BA309D2A}.Release|x64.ActiveCfg = Release|x64
		{20644464-52BD-444A-BF8F-4B16BA309D2A}.Release|x64.Build.0 = Release|x64
		{20644464-52BD-444A-BF8F-4B16BA309D2A}.Release|x86.ActiveCfg = Release|Win32
		{20644464-52BD-444A-BF8F-4B16BA309D2A}.Release|x86.Build.0 = Release|Win32
		{9C6021D1-B4BC-4E82-B5E1-8C934DE7CA91}.Debug|x64.ActiveCfg = Debug|x64
		{9C6021D1-B4BC-4E82-B5E1-8C934DE7CA91}.Debug|x64.Build.0 = Debug|x64
		{9C6021D1-B4BC-4E82-B5E1-8C934DE7CA91}.Debug|x86.ActiveCfg = Debug|Win32
		{9C6021D1-B4BC-4E82-B5E1-8C934DE7CA91}.Debug|x86.Build.0 = Debug|Win32
		{9C6021D1-B4BC-4E82-B5E1-8C934DE7CA91}.Release|x64.ActiveCfg = Release|x64
		{9C6021D1-B4BC-4E82-B5E1-8C934DE7CA91}.Release|x64.Build.0 = Release|x64
		{9C6021D1-B4BC-4E82-B5E1-8C934DE7CA91}.Release|x86.ActiveCfg = Release|Win32
		{9C6021D1-B4BC-4E82-B5E1-8C934DE7CA91}.Release|x86.Build.0 = Release|Win32
	EndGlobalSection
	GlobalSection(SolutionProperties) = preSolution
		HideSolutionNode = FALSE
	EndGlobalSection
	GlobalSection(ExtensibilityGlobals) = postSolution
		SolutionGuid = {6567AF5C-F70C-49F5-B105-4545E1973253}
	EndGlobalSection
EndGlobal
